{
  "version": 4,
  "terraform_version": "1.0.7",
  "serial": 61,
  "lineage": "b026e829-00a4-7f53-32d8-b68a425b61b3",
  "outputs": {},
  "resources": [
    {
      "mode": "data",
      "type": "azurerm_client_config",
      "name": "current",
      "provider": "provider[\"registry.terraform.io/hashicorp/azurerm\"]",
      "instances": [
        {
          "schema_version": 0,
          "attributes": {
            "client_id": "04b07795-8ddb-461a-bbee-02f9e1bf7b46",
            "id": "2024-06-01 03:44:35.64566735 +0000 UTC",
            "object_id": "84f468de-7f57-4d9f-9cc3-f5a6c5da82f7",
            "subscription_id": "167d566b-196d-4e96-aee0-0d2a1f78842e",
            "tenant_id": "ad78d191-1044-4303-8212-b6f4dd7874bc",
            "timeouts": null
          },
          "sensitive_attributes": []
        }
      ]
    },
    {
      "mode": "managed",
      "type": "azurerm_application_insights",
      "name": "insights",
      "provider": "provider[\"registry.terraform.io/hashicorp/azurerm\"]",
      "instances": [
        {
          "schema_version": 1,
          "attributes": {
            "app_id": "e263e135-404c-47b7-9fd7-454fc7e9c547",
            "application_type": "web",
            "connection_string": "InstrumentationKey=32f2bba2-23c8-4824-874d-ec1379710a91;IngestionEndpoint=https://northeurope-3.in.applicationinsights.azure.com/;LiveEndpoint=https://northeurope.livediagnostics.monitor.azure.com/;ApplicationId=e263e135-404c-47b7-9fd7-454fc7e9c547",
            "daily_data_cap_in_gb": 100,
            "daily_data_cap_notifications_disabled": false,
            "disable_ip_masking": false,
            "force_customer_storage_for_profiler": false,
            "id": "/subscriptions/167d566b-196d-4e96-aee0-0d2a1f78842e/resourceGroups/ML-pipeline/providers/Microsoft.Insights/components/appinsights87928",
            "instrumentation_key": "32f2bba2-23c8-4824-874d-ec1379710a91",
            "internet_ingestion_enabled": true,
            "internet_query_enabled": true,
            "local_authentication_disabled": false,
            "location": "northeurope",
            "name": "appinsights87928",
            "resource_group_name": "ML-pipeline",
            "retention_in_days": 90,
            "sampling_percentage": 100,
            "tags": null,
            "timeouts": null,
            "workspace_id": null
          },
          "sensitive_attributes": [],
          "private": "eyJlMmJmYjczMC1lY2FhLTExZTYtOGY4OC0zNDM2M2JjN2M0YzAiOnsiY3JlYXRlIjozNjAwMDAwMDAwMDAwLCJkZWxldGUiOjE4MDAwMDAwMDAwMDAsInJlYWQiOjMwMDAwMDAwMDAwMCwidXBkYXRlIjoxODAwMDAwMDAwMDAwfSwic2NoZW1hX3ZlcnNpb24iOiIxIn0=",
          "dependencies": [
            "azurerm_resource_group.rg",
            "random_integer.ri"
          ]
        }
      ]
    },
    {
      "mode": "managed",
      "type": "azurerm_key_vault",
      "name": "vault",
      "provider": "provider[\"registry.terraform.io/hashicorp/azurerm\"]",
      "instances": [
        {
          "schema_version": 2,
          "attributes": {
            "access_policy": [],
            "contact": [],
            "enable_rbac_authorization": false,
            "enabled_for_deployment": false,
            "enabled_for_disk_encryption": false,
            "enabled_for_template_deployment": false,
            "id": "/subscriptions/167d566b-196d-4e96-aee0-0d2a1f78842e/resourceGroups/ML-pipeline/providers/Microsoft.KeyVault/vaults/keyvault87928",
            "location": "northeurope",
            "name": "keyvault87928",
            "network_acls": [
              {
                "bypass": "AzureServices",
                "default_action": "Allow",
                "ip_rules": [],
                "virtual_network_subnet_ids": []
              }
            ],
            "purge_protection_enabled": false,
            "resource_group_name": "ML-pipeline",
            "sku_name": "premium",
            "soft_delete_retention_days": 90,
            "tags": null,
            "tenant_id": "ad78d191-1044-4303-8212-b6f4dd7874bc",
            "timeouts": null,
            "vault_uri": "https://keyvault87928.vault.azure.net/"
          },
          "sensitive_attributes": [],
          "private": "eyJlMmJmYjczMC1lY2FhLTExZTYtOGY4OC0zNDM2M2JjN2M0YzAiOnsiY3JlYXRlIjoxODAwMDAwMDAwMDAwLCJkZWxldGUiOjE4MDAwMDAwMDAwMDAsInJlYWQiOjMwMDAwMDAwMDAwMCwidXBkYXRlIjoxODAwMDAwMDAwMDAwfSwic2NoZW1hX3ZlcnNpb24iOiIyIn0=",
          "dependencies": [
            "azurerm_resource_group.rg",
            "data.azurerm_client_config.current",
            "random_integer.ri"
          ]
        }
      ]
    },
    {
      "mode": "managed",
      "type": "azurerm_machine_learning_workspace",
      "name": "example",
      "provider": "provider[\"registry.terraform.io/hashicorp/azurerm\"]",
      "instances": [
        {
          "schema_version": 0,
          "attributes": {
            "application_insights_id": "/subscriptions/167d566b-196d-4e96-aee0-0d2a1f78842e/resourceGroups/ML-pipeline/providers/Microsoft.insights/components/appinsights87928",
            "container_registry_id": "",
            "description": "",
            "discovery_url": "https://northeurope.api.azureml.ms/discovery",
            "encryption": [],
            "friendly_name": "",
            "high_business_impact": false,
            "id": "/subscriptions/167d566b-196d-4e96-aee0-0d2a1f78842e/resourceGroups/ML-pipeline/providers/Microsoft.MachineLearningServices/workspaces/PDPworkspace87928",
            "identity": [
              {
                "identity_ids": null,
                "principal_id": "684a1f6b-1d91-4eff-a392-bf2643a732f2",
                "tenant_id": "ad78d191-1044-4303-8212-b6f4dd7874bc",
                "type": "SystemAssigned"
              }
            ],
            "image_build_compute_name": "",
            "key_vault_id": "/subscriptions/167d566b-196d-4e96-aee0-0d2a1f78842e/resourceGroups/ML-pipeline/providers/Microsoft.Keyvault/vaults/keyvault87928",
            "location": "northeurope",
            "name": "PDPworkspace87928",
            "primary_user_assigned_identity": "",
            "public_network_access_enabled": true,
            "resource_group_name": "ML-pipeline",
            "sku_name": "Basic",
            "storage_account_id": "/subscriptions/167d566b-196d-4e96-aee0-0d2a1f78842e/resourceGroups/ML-pipeline/providers/Microsoft.Storage/storageAccounts/mlpipeline87928",
            "tags": null,
            "timeouts": null
          },
          "sensitive_attributes": [],
          "private": "eyJlMmJmYjczMC1lY2FhLTExZTYtOGY4OC0zNDM2M2JjN2M0YzAiOnsiY3JlYXRlIjoxODAwMDAwMDAwMDAwLCJkZWxldGUiOjE4MDAwMDAwMDAwMDAsInJlYWQiOjMwMDAwMDAwMDAwMCwidXBkYXRlIjoxODAwMDAwMDAwMDAwfX0=",
          "dependencies": [
            "azurerm_application_insights.insights",
            "azurerm_key_vault.vault",
            "azurerm_resource_group.rg",
            "azurerm_storage_account.storage",
            "data.azurerm_client_config.current",
            "random_integer.ri"
          ]
        }
      ]
    },
    {
      "mode": "managed",
      "type": "azurerm_resource_group",
      "name": "rg",
      "provider": "provider[\"registry.terraform.io/hashicorp/azurerm\"]",
      "instances": [
        {
          "schema_version": 0,
          "attributes": {
            "id": "/subscriptions/167d566b-196d-4e96-aee0-0d2a1f78842e/resourceGroups/ML-pipeline",
            "location": "northeurope",
            "name": "ML-pipeline",
            "tags": {},
            "timeouts": {
              "create": null,
              "delete": null,
              "read": null,
              "update": null
            }
          },
          "sensitive_attributes": [],
          "private": "eyJlMmJmYjczMC1lY2FhLTExZTYtOGY4OC0zNDM2M2JjN2M0YzAiOnsiY3JlYXRlIjo1NDAwMDAwMDAwMDAwLCJkZWxldGUiOjU0MDAwMDAwMDAwMDAsInJlYWQiOjMwMDAwMDAwMDAwMCwidXBkYXRlIjo1NDAwMDAwMDAwMDAwfSwic2NoZW1hX3ZlcnNpb24iOiIwIn0="
        }
      ]
    },
    {
      "mode": "managed",
      "type": "azurerm_storage_account",
      "name": "storage",
      "provider": "provider[\"registry.terraform.io/hashicorp/azurerm\"]",
      "instances": [
        {
          "schema_version": 3,
          "attributes": {
            "access_tier": "Hot",
            "account_kind": "StorageV2",
            "account_replication_type": "LRS",
            "account_tier": "Standard",
            "allow_nested_items_to_be_public": true,
            "azure_files_authentication": [],
            "blob_properties": [
              {
                "change_feed_enabled": false,
                "container_delete_retention_policy": [],
                "cors_rule": [],
                "default_service_version": "",
                "delete_retention_policy": [],
                "last_access_time_enabled": false,
                "versioning_enabled": false
              }
            ],
            "custom_domain": [],
            "customer_managed_key": [],
            "edge_zone": "",
            "enable_https_traffic_only": true,
            "id": "/subscriptions/167d566b-196d-4e96-aee0-0d2a1f78842e/resourceGroups/ML-pipeline/providers/Microsoft.Storage/storageAccounts/mlpipeline87928",
            "identity": [],
            "infrastructure_encryption_enabled": false,
            "is_hns_enabled": false,
            "large_file_share_enabled": null,
            "location": "northeurope",
            "min_tls_version": "TLS1_2",
            "name": "mlpipeline87928",
            "network_rules": [
              {
                "bypass": [
                  "AzureServices"
                ],
                "default_action": "Allow",
                "ip_rules": [],
                "private_link_access": [],
                "virtual_network_subnet_ids": []
              }
            ],
            "nfsv3_enabled": false,
            "primary_access_key": "ORxj/WaAyRl0CrETffp8/PUQSL30qks2lKgcBKrdZQvk5dkbIuHA87kG5oUWY4+e7+xBw7b+/V0e+ASt4VHNog==",
            "primary_blob_connection_string": "DefaultEndpointsProtocol=https;BlobEndpoint=https://mlpipeline87928.blob.core.windows.net/;AccountName=mlpipeline87928;AccountKey=ORxj/WaAyRl0CrETffp8/PUQSL30qks2lKgcBKrdZQvk5dkbIuHA87kG5oUWY4+e7+xBw7b+/V0e+ASt4VHNog==",
            "primary_blob_endpoint": "https://mlpipeline87928.blob.core.windows.net/",
            "primary_blob_host": "mlpipeline87928.blob.core.windows.net",
            "primary_connection_string": "DefaultEndpointsProtocol=https;AccountName=mlpipeline87928;AccountKey=ORxj/WaAyRl0CrETffp8/PUQSL30qks2lKgcBKrdZQvk5dkbIuHA87kG5oUWY4+e7+xBw7b+/V0e+ASt4VHNog==;EndpointSuffix=core.windows.net",
            "primary_dfs_endpoint": "https://mlpipeline87928.dfs.core.windows.net/",
            "primary_dfs_host": "mlpipeline87928.dfs.core.windows.net",
            "primary_file_endpoint": "https://mlpipeline87928.file.core.windows.net/",
            "primary_file_host": "mlpipeline87928.file.core.windows.net",
            "primary_location": "northeurope",
            "primary_queue_endpoint": "https://mlpipeline87928.queue.core.windows.net/",
            "primary_queue_host": "mlpipeline87928.queue.core.windows.net",
            "primary_table_endpoint": "https://mlpipeline87928.table.core.windows.net/",
            "primary_table_host": "mlpipeline87928.table.core.windows.net",
            "primary_web_endpoint": "https://mlpipeline87928.z16.web.core.windows.net/",
            "primary_web_host": "mlpipeline87928.z16.web.core.windows.net",
            "queue_encryption_key_type": "Service",
            "queue_properties": [
              {
                "cors_rule": [],
                "hour_metrics": [
                  {
                    "enabled": true,
                    "include_apis": true,
                    "retention_policy_days": 7,
                    "version": "1.0"
                  }
                ],
                "logging": [
                  {
                    "delete": false,
                    "read": false,
                    "retention_policy_days": 0,
                    "version": "1.0",
                    "write": false
                  }
                ],
                "minute_metrics": [
                  {
                    "enabled": false,
                    "include_apis": false,
                    "retention_policy_days": 0,
                    "version": "1.0"
                  }
                ]
              }
            ],
            "resource_group_name": "ML-pipeline",
            "routing": [],
            "secondary_access_key": "j80KCAnHiqsnQ/s8ktFCGx/GEz6cX8oHbWZqLn1Ij/Zz4XWu1g/afthwe0Nd9B2Tpkx7Yta/wl+O+AStke12Rw==",
            "secondary_blob_connection_string": "",
            "secondary_blob_endpoint": null,
            "secondary_blob_host": null,
            "secondary_connection_string": "DefaultEndpointsProtocol=https;AccountName=mlpipeline87928;AccountKey=j80KCAnHiqsnQ/s8ktFCGx/GEz6cX8oHbWZqLn1Ij/Zz4XWu1g/afthwe0Nd9B2Tpkx7Yta/wl+O+AStke12Rw==;EndpointSuffix=core.windows.net",
            "secondary_dfs_endpoint": null,
            "secondary_dfs_host": null,
            "secondary_file_endpoint": null,
            "secondary_file_host": null,
            "secondary_location": "",
            "secondary_queue_endpoint": null,
            "secondary_queue_host": null,
            "secondary_table_endpoint": null,
            "secondary_table_host": null,
            "secondary_web_endpoint": null,
            "secondary_web_host": null,
            "share_properties": [
              {
                "cors_rule": [],
                "retention_policy": [
                  {
                    "days": 7
                  }
                ],
                "smb": []
              }
            ],
            "shared_access_key_enabled": true,
            "static_website": [],
            "table_encryption_key_type": "Service",
            "tags": null,
            "timeouts": null
          },
          "sensitive_attributes": [],
          "private": "eyJlMmJmYjczMC1lY2FhLTExZTYtOGY4OC0zNDM2M2JjN2M0YzAiOnsiY3JlYXRlIjozNjAwMDAwMDAwMDAwLCJkZWxldGUiOjM2MDAwMDAwMDAwMDAsInJlYWQiOjMwMDAwMDAwMDAwMCwidXBkYXRlIjozNjAwMDAwMDAwMDAwfSwic2NoZW1hX3ZlcnNpb24iOiIzIn0=",
          "dependencies": [
            "azurerm_resource_group.rg",
            "random_integer.ri"
          ]
        }
      ]
    },
    {
      "mode": "managed",
      "type": "null_resource",
      "name": "custom_objects",
      "provider": "provider[\"registry.terraform.io/hashicorp/null\"]",
      "instances": [
        {
          "status": "tainted",
          "schema_version": 0,
          "attributes": {
            "id": "543470673296726811",
            "triggers": null
          },
          "sensitive_attributes": []
        }
      ]
    },
    {
      "mode": "managed",
      "type": "random_integer",
      "name": "ri",
      "provider": "provider[\"registry.terraform.io/hashicorp/random\"]",
      "instances": [
        {
          "schema_version": 0,
          "attributes": {
            "id": "87928",
            "keepers": null,
            "max": 99999,
            "min": 10000,
            "result": 87928,
            "seed": null
          },
          "sensitive_attributes": []
        }
      ]
    }
  ]
}
