{
  "version": 4,
  "terraform_version": "1.0.7",
  "serial": 50,
  "lineage": "b026e829-00a4-7f53-32d8-b68a425b61b3",
  "outputs": {},
  "resources": [
    {
      "mode": "data",
      "type": "azurerm_client_config",
      "name": "current",
      "provider": "provider[\"registry.terraform.io/hashicorp/azurerm\"]",
      "instances": [
        {
          "schema_version": 0,
          "attributes": {
            "client_id": "04b07795-8ddb-461a-bbee-02f9e1bf7b46",
            "id": "2024-05-31 23:44:49.156880297 +0000 UTC",
            "object_id": "84f468de-7f57-4d9f-9cc3-f5a6c5da82f7",
            "subscription_id": "167d566b-196d-4e96-aee0-0d2a1f78842e",
            "tenant_id": "ad78d191-1044-4303-8212-b6f4dd7874bc",
            "timeouts": null
          },
          "sensitive_attributes": []
        }
      ]
    },
    {
      "mode": "managed",
      "type": "azurerm_application_insights",
      "name": "insights",
      "provider": "provider[\"registry.terraform.io/hashicorp/azurerm\"]",
      "instances": [
        {
          "schema_version": 1,
          "attributes": {
            "app_id": "f6e769af-7f0c-4cd8-9a9e-ce22efa2548b",
            "application_type": "web",
            "connection_string": "InstrumentationKey=fb799d5c-7026-4c06-a9d4-38e8b0cde31b;IngestionEndpoint=https://northeurope-5.in.applicationinsights.azure.com/;LiveEndpoint=https://northeurope.livediagnostics.monitor.azure.com/;ApplicationId=f6e769af-7f0c-4cd8-9a9e-ce22efa2548b",
            "daily_data_cap_in_gb": 100,
            "daily_data_cap_notifications_disabled": false,
            "disable_ip_masking": false,
            "force_customer_storage_for_profiler": false,
            "id": "/subscriptions/167d566b-196d-4e96-aee0-0d2a1f78842e/resourceGroups/ML-pipeline/providers/Microsoft.Insights/components/appinsights88612",
            "instrumentation_key": "fb799d5c-7026-4c06-a9d4-38e8b0cde31b",
            "internet_ingestion_enabled": true,
            "internet_query_enabled": true,
            "local_authentication_disabled": false,
            "location": "northeurope",
            "name": "appinsights88612",
            "resource_group_name": "ML-pipeline",
            "retention_in_days": 90,
            "sampling_percentage": 100,
            "tags": {},
            "timeouts": {
              "create": null,
              "delete": null,
              "read": null,
              "update": null
            },
            "workspace_id": null
          },
          "sensitive_attributes": [],
          "private": "eyJlMmJmYjczMC1lY2FhLTExZTYtOGY4OC0zNDM2M2JjN2M0YzAiOnsiY3JlYXRlIjozNjAwMDAwMDAwMDAwLCJkZWxldGUiOjE4MDAwMDAwMDAwMDAsInJlYWQiOjMwMDAwMDAwMDAwMCwidXBkYXRlIjoxODAwMDAwMDAwMDAwfSwic2NoZW1hX3ZlcnNpb24iOiIxIn0="
        }
      ]
    },
    {
      "mode": "managed",
      "type": "azurerm_key_vault",
      "name": "vault",
      "provider": "provider[\"registry.terraform.io/hashicorp/azurerm\"]",
      "instances": [
        {
          "schema_version": 2,
          "attributes": {
            "access_policy": [
              {
                "application_id": "",
                "certificate_permissions": [
                  "all"
                ],
                "key_permissions": [
                  "all"
                ],
                "object_id": "f4fdbeed-e53c-49ef-8ee6-1c14f74e3c15",
                "secret_permissions": [
                  "all"
                ],
                "storage_permissions": [],
                "tenant_id": "ad78d191-1044-4303-8212-b6f4dd7874bc"
              }
            ],
            "contact": [],
            "enable_rbac_authorization": false,
            "enabled_for_deployment": false,
            "enabled_for_disk_encryption": false,
            "enabled_for_template_deployment": false,
            "id": "/subscriptions/167d566b-196d-4e96-aee0-0d2a1f78842e/resourceGroups/ML-pipeline/providers/Microsoft.KeyVault/vaults/keyvault88612",
            "location": "northeurope",
            "name": "keyvault88612",
            "network_acls": [
              {
                "bypass": "AzureServices",
                "default_action": "Allow",
                "ip_rules": [],
                "virtual_network_subnet_ids": []
              }
            ],
            "purge_protection_enabled": false,
            "resource_group_name": "ML-pipeline",
            "sku_name": "standard",
            "soft_delete_retention_days": 90,
            "tags": {},
            "tenant_id": "ad78d191-1044-4303-8212-b6f4dd7874bc",
            "timeouts": {
              "create": null,
              "delete": null,
              "read": null,
              "update": null
            },
            "vault_uri": "https://keyvault88612.vault.azure.net/"
          },
          "sensitive_attributes": [],
          "private": "eyJlMmJmYjczMC1lY2FhLTExZTYtOGY4OC0zNDM2M2JjN2M0YzAiOnsiY3JlYXRlIjoxODAwMDAwMDAwMDAwLCJkZWxldGUiOjE4MDAwMDAwMDAwMDAsInJlYWQiOjMwMDAwMDAwMDAwMCwidXBkYXRlIjoxODAwMDAwMDAwMDAwfSwic2NoZW1hX3ZlcnNpb24iOiIyIn0="
        }
      ]
    },
    {
      "mode": "managed",
      "type": "azurerm_machine_learning_workspace",
      "name": "example",
      "provider": "provider[\"registry.terraform.io/hashicorp/azurerm\"]",
      "instances": [
        {
          "schema_version": 0,
          "attributes": {
            "application_insights_id": "/subscriptions/167d566b-196d-4e96-aee0-0d2a1f78842e/resourceGroups/ML-pipeline/providers/Microsoft.insights/components/appinsights88612",
            "container_registry_id": "",
            "description": "",
            "discovery_url": "https://northeurope.api.azureml.ms/discovery",
            "encryption": [],
            "friendly_name": "",
            "high_business_impact": false,
            "id": "/subscriptions/167d566b-196d-4e96-aee0-0d2a1f78842e/resourceGroups/ML-pipeline/providers/Microsoft.MachineLearningServices/workspaces/PDPworkspace88612",
            "identity": [
              {
                "identity_ids": [],
                "principal_id": "f4fdbeed-e53c-49ef-8ee6-1c14f74e3c15",
                "tenant_id": "ad78d191-1044-4303-8212-b6f4dd7874bc",
                "type": "SystemAssigned"
              }
            ],
            "image_build_compute_name": "",
            "key_vault_id": "/subscriptions/167d566b-196d-4e96-aee0-0d2a1f78842e/resourceGroups/ML-pipeline/providers/Microsoft.Keyvault/vaults/keyvault88612",
            "location": "northeurope",
            "name": "PDPworkspace88612",
            "primary_user_assigned_identity": "",
            "public_network_access_enabled": true,
            "resource_group_name": "ML-pipeline",
            "sku_name": "Basic",
            "storage_account_id": "/subscriptions/167d566b-196d-4e96-aee0-0d2a1f78842e/resourceGroups/ML-pipeline/providers/Microsoft.Storage/storageAccounts/mlpipeline88612",
            "tags": {},
            "timeouts": {
              "create": null,
              "delete": null,
              "read": null,
              "update": null
            }
          },
          "sensitive_attributes": [],
          "private": "eyJlMmJmYjczMC1lY2FhLTExZTYtOGY4OC0zNDM2M2JjN2M0YzAiOnsiY3JlYXRlIjoxODAwMDAwMDAwMDAwLCJkZWxldGUiOjE4MDAwMDAwMDAwMDAsInJlYWQiOjMwMDAwMDAwMDAwMCwidXBkYXRlIjoxODAwMDAwMDAwMDAwfSwic2NoZW1hX3ZlcnNpb24iOiIwIn0="
        }
      ]
    },
    {
      "mode": "managed",
      "type": "azurerm_resource_group",
      "name": "rg",
      "provider": "provider[\"registry.terraform.io/hashicorp/azurerm\"]",
      "instances": [
        {
          "schema_version": 0,
          "attributes": {
            "id": "/subscriptions/167d566b-196d-4e96-aee0-0d2a1f78842e/resourceGroups/ML-pipeline",
            "location": "northeurope",
            "name": "ML-pipeline",
            "tags": {},
            "timeouts": {
              "create": null,
              "delete": null,
              "read": null,
              "update": null
            }
          },
          "sensitive_attributes": [],
          "private": "eyJlMmJmYjczMC1lY2FhLTExZTYtOGY4OC0zNDM2M2JjN2M0YzAiOnsiY3JlYXRlIjo1NDAwMDAwMDAwMDAwLCJkZWxldGUiOjU0MDAwMDAwMDAwMDAsInJlYWQiOjMwMDAwMDAwMDAwMCwidXBkYXRlIjo1NDAwMDAwMDAwMDAwfSwic2NoZW1hX3ZlcnNpb24iOiIwIn0="
        }
      ]
    },
    {
      "mode": "managed",
      "type": "azurerm_storage_account",
      "name": "storage",
      "provider": "provider[\"registry.terraform.io/hashicorp/azurerm\"]",
      "instances": [
        {
          "schema_version": 3,
          "attributes": {
            "access_tier": "Hot",
            "account_kind": "StorageV2",
            "account_replication_type": "LRS",
            "account_tier": "Standard",
            "allow_nested_items_to_be_public": true,
            "azure_files_authentication": [],
            "blob_properties": [
              {
                "change_feed_enabled": false,
                "container_delete_retention_policy": [],
                "cors_rule": [
                  {
                    "allowed_headers": [
                      "*"
                    ],
                    "allowed_methods": [
                      "GET",
                      "HEAD",
                      "PUT",
                      "DELETE",
                      "OPTIONS",
                      "POST",
                      "PATCH"
                    ],
                    "allowed_origins": [
                      "https://mlworkspace.azure.ai",
                      "https://ml.azure.com",
                      "https://*.ml.azure.com",
                      "https://ai.azure.com",
                      "https://*.ai.azure.com"
                    ],
                    "exposed_headers": [
                      "*"
                    ],
                    "max_age_in_seconds": 1800
                  }
                ],
                "default_service_version": "",
                "delete_retention_policy": [],
                "last_access_time_enabled": false,
                "versioning_enabled": false
              }
            ],
            "custom_domain": [],
            "customer_managed_key": [],
            "edge_zone": "",
            "enable_https_traffic_only": true,
            "id": "/subscriptions/167d566b-196d-4e96-aee0-0d2a1f78842e/resourceGroups/ML-pipeline/providers/Microsoft.Storage/storageAccounts/mlpipeline88612",
            "identity": [],
            "infrastructure_encryption_enabled": false,
            "is_hns_enabled": false,
            "large_file_share_enabled": null,
            "location": "northeurope",
            "min_tls_version": "TLS1_2",
            "name": "mlpipeline88612",
            "network_rules": [
              {
                "bypass": [
                  "AzureServices"
                ],
                "default_action": "Allow",
                "ip_rules": [],
                "private_link_access": [],
                "virtual_network_subnet_ids": []
              }
            ],
            "nfsv3_enabled": false,
            "primary_access_key": "xE68IBw1aVx5OT57sYhhtSVRGG9UGAjtV62yAC2LuxNOjEOTBmtFOn1hJx4lO0AFrulquH7hTup3+AStiXSpXQ==",
            "primary_blob_connection_string": "DefaultEndpointsProtocol=https;BlobEndpoint=https://mlpipeline88612.blob.core.windows.net/;AccountName=mlpipeline88612;AccountKey=xE68IBw1aVx5OT57sYhhtSVRGG9UGAjtV62yAC2LuxNOjEOTBmtFOn1hJx4lO0AFrulquH7hTup3+AStiXSpXQ==",
            "primary_blob_endpoint": "https://mlpipeline88612.blob.core.windows.net/",
            "primary_blob_host": "mlpipeline88612.blob.core.windows.net",
            "primary_connection_string": "DefaultEndpointsProtocol=https;AccountName=mlpipeline88612;AccountKey=xE68IBw1aVx5OT57sYhhtSVRGG9UGAjtV62yAC2LuxNOjEOTBmtFOn1hJx4lO0AFrulquH7hTup3+AStiXSpXQ==;EndpointSuffix=core.windows.net",
            "primary_dfs_endpoint": "https://mlpipeline88612.dfs.core.windows.net/",
            "primary_dfs_host": "mlpipeline88612.dfs.core.windows.net",
            "primary_file_endpoint": "https://mlpipeline88612.file.core.windows.net/",
            "primary_file_host": "mlpipeline88612.file.core.windows.net",
            "primary_location": "northeurope",
            "primary_queue_endpoint": "https://mlpipeline88612.queue.core.windows.net/",
            "primary_queue_host": "mlpipeline88612.queue.core.windows.net",
            "primary_table_endpoint": "https://mlpipeline88612.table.core.windows.net/",
            "primary_table_host": "mlpipeline88612.table.core.windows.net",
            "primary_web_endpoint": "https://mlpipeline88612.z16.web.core.windows.net/",
            "primary_web_host": "mlpipeline88612.z16.web.core.windows.net",
            "queue_encryption_key_type": "Service",
            "queue_properties": [
              {
                "cors_rule": [],
                "hour_metrics": [
                  {
                    "enabled": true,
                    "include_apis": true,
                    "retention_policy_days": 7,
                    "version": "1.0"
                  }
                ],
                "logging": [
                  {
                    "delete": false,
                    "read": false,
                    "retention_policy_days": 0,
                    "version": "1.0",
                    "write": false
                  }
                ],
                "minute_metrics": [
                  {
                    "enabled": false,
                    "include_apis": false,
                    "retention_policy_days": 0,
                    "version": "1.0"
                  }
                ]
              }
            ],
            "resource_group_name": "ML-pipeline",
            "routing": [],
            "secondary_access_key": "7Uwo8T8Rnr2S43yxvKelkyXwtq7RKYho+22YwStAxW5+p5ghGrK/71l8B1ECuOIFrjWFoUrvshdG+ASt2saroA==",
            "secondary_blob_connection_string": "",
            "secondary_blob_endpoint": null,
            "secondary_blob_host": null,
            "secondary_connection_string": "DefaultEndpointsProtocol=https;AccountName=mlpipeline88612;AccountKey=7Uwo8T8Rnr2S43yxvKelkyXwtq7RKYho+22YwStAxW5+p5ghGrK/71l8B1ECuOIFrjWFoUrvshdG+ASt2saroA==;EndpointSuffix=core.windows.net",
            "secondary_dfs_endpoint": null,
            "secondary_dfs_host": null,
            "secondary_file_endpoint": null,
            "secondary_file_host": null,
            "secondary_location": "",
            "secondary_queue_endpoint": null,
            "secondary_queue_host": null,
            "secondary_table_endpoint": null,
            "secondary_table_host": null,
            "secondary_web_endpoint": null,
            "secondary_web_host": null,
            "share_properties": [
              {
                "cors_rule": [
                  {
                    "allowed_headers": [
                      "*"
                    ],
                    "allowed_methods": [
                      "GET",
                      "HEAD",
                      "PUT",
                      "DELETE",
                      "OPTIONS",
                      "POST"
                    ],
                    "allowed_origins": [
                      "https://mlworkspace.azure.ai",
                      "https://ml.azure.com",
                      "https://*.ml.azure.com",
                      "https://ai.azure.com",
                      "https://*.ai.azure.com"
                    ],
                    "exposed_headers": [
                      "*"
                    ],
                    "max_age_in_seconds": 1800
                  }
                ],
                "retention_policy": [
                  {
                    "days": 7
                  }
                ],
                "smb": []
              }
            ],
            "shared_access_key_enabled": true,
            "static_website": [],
            "table_encryption_key_type": "Service",
            "tags": {},
            "timeouts": {
              "create": null,
              "delete": null,
              "read": null,
              "update": null
            }
          },
          "sensitive_attributes": [],
          "private": "eyJlMmJmYjczMC1lY2FhLTExZTYtOGY4OC0zNDM2M2JjN2M0YzAiOnsiY3JlYXRlIjozNjAwMDAwMDAwMDAwLCJkZWxldGUiOjM2MDAwMDAwMDAwMDAsInJlYWQiOjMwMDAwMDAwMDAwMCwidXBkYXRlIjozNjAwMDAwMDAwMDAwfSwic2NoZW1hX3ZlcnNpb24iOiIzIn0="
        }
      ]
    },
    {
      "mode": "managed",
      "type": "null_resource",
      "name": "custom_objects",
      "provider": "provider[\"registry.terraform.io/hashicorp/null\"]",
      "instances": [
        {
          "status": "tainted",
          "schema_version": 0,
          "attributes": {
            "id": "6641303632352245657",
            "triggers": null
          },
          "sensitive_attributes": []
        }
      ]
    },
    {
      "mode": "managed",
      "type": "random_integer",
      "name": "ri",
      "provider": "provider[\"registry.terraform.io/hashicorp/random\"]",
      "instances": [
        {
          "schema_version": 0,
          "attributes": {
            "id": "87928",
            "keepers": null,
            "max": 99999,
            "min": 10000,
            "result": 87928,
            "seed": null
          },
          "sensitive_attributes": []
        }
      ]
    }
  ]
}
